// !$*UTF8*$!
{
	archiveVersion = 1;
	classes = {
	};
	objectVersion = 50;
	objects = {

/* Begin PBXBuildFile section */
		04750B3420DA6C5F00B9929D /* AppDelegate.swift in Sources */ = {isa = PBXBuildFile; fileRef = 04750B3320DA6C5F00B9929D /* AppDelegate.swift */; };
		04750B3620DA6C5F00B9929D /* ViewController.swift in Sources */ = {isa = PBXBuildFile; fileRef = 04750B3520DA6C5F00B9929D /* ViewController.swift */; };
		04750B3920DA6C5F00B9929D /* Main.storyboard in Resources */ = {isa = PBXBuildFile; fileRef = 04750B3720DA6C5F00B9929D /* Main.storyboard */; };
		04750B3B20DA6C6000B9929D /* Assets.xcassets in Resources */ = {isa = PBXBuildFile; fileRef = 04750B3A20DA6C6000B9929D /* Assets.xcassets */; };
		04750B3E20DA6C6000B9929D /* LaunchScreen.storyboard in Resources */ = {isa = PBXBuildFile; fileRef = 04750B3C20DA6C6000B9929D /* LaunchScreen.storyboard */; };
		04750B4920DA6C6000B9929D /* test1Tests.swift in Sources */ = {isa = PBXBuildFile; fileRef = 04750B4820DA6C6000B9929D /* test1Tests.swift */; };
		04750B5420DA6C6000B9929D /* test1UITests.swift in Sources */ = {isa = PBXBuildFile; fileRef = 04750B5320DA6C6000B9929D /* test1UITests.swift */; };
		04750B6220DA6C9800B9929D /* test01.swift in Sources */ = {isa = PBXBuildFile; fileRef = 04750B6120DA6C9800B9929D /* test01.swift */; };
/* End PBXBuildFile section */

/* Begin PBXContainerItemProxy section */
		04750B4520DA6C6000B9929D /* PBXContainerItemProxy */ = {
			isa = PBXContainerItemProxy;
			containerPortal = 04750B2820DA6C5F00B9929D /* Project object */;
			proxyType = 1;
			remoteGlobalIDString = 04750B2F20DA6C5F00B9929D;
			remoteInfo = test1;
		};
		04750B5020DA6C6000B9929D /* PBXContainerItemProxy */ = {
			isa = PBXContainerItemProxy;
			containerPortal = 04750B2820DA6C5F00B9929D /* Project object */;
			proxyType = 1;
			remoteGlobalIDString = 04750B2F20DA6C5F00B9929D;
			remoteInfo = test1;
		};
/* End PBXContainerItemProxy section */

/* Begin PBXFileReference section */
		04750B3020DA6C5F00B9929D /* test1.app */ = {isa = PBXFileReference; explicitFileType = wrapper.application; includeInIndex = 0; path = test1.app; sourceTree = BUILT_PRODUCTS_DIR; };
		04750B3320DA6C5F00B9929D /* AppDelegate.swift */ = {isa = PBXFileReference; lastKnownFileType = sourcecode.swift; path = AppDelegate.swift; sourceTree = "<group>"; };
		04750B3520DA6C5F00B9929D /* ViewController.swift */ = {isa = PBXFileReference; lastKnownFileType = sourcecode.swift; path = ViewController.swift; sourceTree = "<group>"; };
		04750B3820DA6C5F00B9929D /* Base */ = {isa = PBXFileReference; lastKnownFileType = file.storyboard; name = Base; path = Base.lproj/Main.storyboard; sourceTree = "<group>"; };
		04750B3A20DA6C6000B9929D /* Assets.xcassets */ = {isa = PBXFileReference; lastKnownFileType = folder.assetcatalog; path = Assets.xcassets; sourceTree = "<group>"; };
		04750B3D20DA6C6000B9929D /* Base */ = {isa = PBXFileReference; lastKnownFileType = file.storyboard; name = Base; path = Base.lproj/LaunchScreen.storyboard; sourceTree = "<group>"; };
		04750B3F20DA6C6000B9929D /* Info.plist */ = {isa = PBXFileReference; lastKnownFileType = text.plist.xml; path = Info.plist; sourceTree = "<group>"; };
		04750B4420DA6C6000B9929D /* test1Tests.xctest */ = {isa = PBXFileReference; explicitFileType = wrapper.cfbundle; includeInIndex = 0; path = test1Tests.xctest; sourceTree = BUILT_PRODUCTS_DIR; };
		04750B4820DA6C6000B9929D /* test1Tests.swift */ = {isa = PBXFileReference; lastKnownFileType = sourcecode.swift; path = test1Tests.swift; sourceTree = "<group>"; };
		04750B4A20DA6C6000B9929D /* Info.plist */ = {isa = PBXFileReference; lastKnownFileType = text.plist.xml; path = Info.plist; sourceTree = "<group>"; };
		04750B4F20DA6C6000B9929D /* test1UITests.xctest */ = {isa = PBXFileReference; explicitFileType = wrapper.cfbundle; includeInIndex = 0; path = test1UITests.xctest; sourceTree = BUILT_PRODUCTS_DIR; };
		04750B5320DA6C6000B9929D /* test1UITests.swift */ = {isa = PBXFileReference; lastKnownFileType = sourcecode.swift; path = test1UITests.swift; sourceTree = "<group>"; };
		04750B5520DA6C6000B9929D /* Info.plist */ = {isa = PBXFileReference; lastKnownFileType = text.plist.xml; path = Info.plist; sourceTree = "<group>"; };
		04750B6120DA6C9800B9929D /* test01.swift */ = {isa = PBXFileReference; lastKnownFileType = sourcecode.swift; path = test01.swift; sourceTree = "<group>"; };
/* End PBXFileReference section */

/* Begin PBXFrameworksBuildPhase section */
		04750B2D20DA6C5F00B9929D /* Frameworks */ = {
			isa = PBXFrameworksBuildPhase;
			buildActionMask = 2147483647;
			files = (
			);
			runOnlyForDeploymentPostprocessing = 0;
		};
		04750B4120DA6C6000B9929D /* Frameworks */ = {
			isa = PBXFrameworksBuildPhase;
			buildActionMask = 2147483647;
			files = (
			);
			runOnlyForDeploymentPostprocessing = 0;
		};
		04750B4C20DA6C6000B9929D /* Frameworks */ = {
			isa = PBXFrameworksBuildPhase;
			buildActionMask = 2147483647;
			files = (
			);
			runOnlyForDeploymentPostprocessing = 0;
		};
/* End PBXFrameworksBuildPhase section */

/* Begin PBXGroup section */
		04750B2720DA6C5F00B9929D = {
			isa = PBXGroup;
			children = (
				04750B3220DA6C5F00B9929D /* test1 */,
				04750B4720DA6C6000B9929D /* test1Tests */,
				04750B5220DA6C6000B9929D /* test1UITests */,
				04750B3120DA6C5F00B9929D /* Products */,
			);
			sourceTree = "<group>";
		};
		04750B3120DA6C5F00B9929D /* Products */ = {
			isa = PBXGroup;
			children = (
				04750B3020DA6C5F00B9929D /* test1.app */,
				04750B4420DA6C6000B9929D /* test1Tests.xctest */,
				04750B4F20DA6C6000B9929D /* test1UITests.xctest */,
			);
			name = Products;
			sourceTree = "<group>";
		};
		04750B3220DA6C5F00B9929D /* test1 */ = {
			isa = PBXGroup;
			children = (
				04750B3320DA6C5F00B9929D /* AppDelegate.swift */,
				04750B6120DA6C9800B9929D /* test01.swift */,
				04750B3520DA6C5F00B9929D /* ViewController.swift */,
				04750B3720DA6C5F00B9929D /* Main.storyboard */,
				04750B3A20DA6C6000B9929D /* Assets.xcassets */,
				04750B3C20DA6C6000B9929D /* LaunchScreen.storyboard */,
				04750B3F20DA6C6000B9929D /* Info.plist */,
			);
			path = test1;
			sourceTree = "<group>";
		};
		04750B4720DA6C6000B9929D /* test1Tests */ = {
			isa = PBXGroup;
			children = (
				04750B4820DA6C6000B9929D /* test1Tests.swift */,
				04750B4A20DA6C6000B9929D /* Info.plist */,
			);
			path = test1Tests;
			sourceTree = "<group>";
		};
		04750B5220DA6C6000B9929D /* test1UITests */ = {
			isa = PBXGroup;
			children = (
				04750B5320DA6C6000B9929D /* test1UITests.swift */,
				04750B5520DA6C6000B9929D /* Info.plist */,
			);
			path = test1UITests;
			sourceTree = "<group>";
		};
/* End PBXGroup section */

/* Begin PBXNativeTarget section */
		04750B2F20DA6C5F00B9929D /* test1 */ = {
			isa = PBXNativeTarget;
			buildConfigurationList = 04750B5820DA6C6000B9929D /* Build configuration list for PBXNativeTarget "test1" */;
			buildPhases = (
				04750B2C20DA6C5F00B9929D /* Sources */,
				04750B2D20DA6C5F00B9929D /* Frameworks */,
				04750B2E20DA6C5F00B9929D /* Resources */,
			);
			buildRules = (
			);
			dependencies = (
			);
			name = test1;
			productName = test1;
			productReference = 04750B3020DA6C5F00B9929D /* test1.app */;
			productType = "com.apple.product-type.application";
		};
		04750B4320DA6C6000B9929D /* test1Tests */ = {
			isa = PBXNativeTarget;
			buildConfigurationList = 04750B5B20DA6C6000B9929D /* Build configuration list for PBXNativeTarget "test1Tests" */;
			buildPhases = (
				04750B4020DA6C6000B9929D /* Sources */,
				04750B4120DA6C6000B9929D /* Frameworks */,
				04750B4220DA6C6000B9929D /* Resources */,
			);
			buildRules = (
			);
			dependencies = (
				04750B4620DA6C6000B9929D /* PBXTargetDependency */,
			);
			name = test1Tests;
			productName = test1Tests;
			productReference = 04750B4420DA6C6000B9929D /* test1Tests.xctest */;
			productType = "com.apple.product-type.bundle.unit-test";
		};
		04750B4E20DA6C6000B9929D /* test1UITests */ = {
			isa = PBXNativeTarget;
			buildConfigurationList = 04750B5E20DA6C6000B9929D /* Build configuration list for PBXNativeTarget "test1UITests" */;
			buildPhases = (
				04750B4B20DA6C6000B9929D /* Sources */,
				04750B4C20DA6C6000B9929D /* Frameworks */,
				04750B4D20DA6C6000B9929D /* Resources */,
			);
			buildRules = (
			);
			dependencies = (
				04750B5120DA6C6000B9929D /* PBXTargetDependency */,
			);
			name = test1UITests;
			productName = test1UITests;
			productReference = 04750B4F20DA6C6000B9929D /* test1UITests.xctest */;
			productType = "com.apple.product-type.bundle.ui-testing";
		};
/* End PBXNativeTarget section */

/* Begin PBXProject section */
		04750B2820DA6C5F00B9929D /* Project object */ = {
			isa = PBXProject;
			attributes = {
				LastSwiftUpdateCheck = 0940;
				LastUpgradeCheck = 0940;
				TargetAttributes = {
					04750B2F20DA6C5F00B9929D = {
						CreatedOnToolsVersion = 9.4;
					};
					04750B4320DA6C6000B9929D = {
						CreatedOnToolsVersion = 9.4;
						TestTargetID = 04750B2F20DA6C5F00B9929D;
					};
					04750B4E20DA6C6000B9929D = {
						CreatedOnToolsVersion = 9.4;
						TestTargetID = 04750B2F20DA6C5F00B9929D;
					};
				};
			};
			buildConfigurationList = 04750B2B20DA6C5F00B9929D /* Build configuration list for PBXProject "test1" */;
			compatibilityVersion = "Xcode 9.3";
			developmentRegion = en;
			hasScannedForEncodings = 0;
			knownRegions = (
				en,
				Base,
			);
			mainGroup = 04750B2720DA6C5F00B9929D;
			productRefGroup = 04750B3120DA6C5F00B9929D /* Products */;
			projectDirPath = "";
			projectRoot = "";
			targets = (
				04750B2F20DA6C5F00B9929D /* test1 */,
				04750B4320DA6C6000B9929D /* test1Tests */,
				04750B4E20DA6C6000B9929D /* test1UITests */,
			);
		};
/* End PBXProject section */

/* Begin PBXResourcesBuildPhase section */
		04750B2E20DA6C5F00B9929D /* Resources */ = {
			isa = PBXResourcesBuildPhase;
			buildActionMask = 2147483647;
			files = (
				04750B3E20DA6C6000B9929D /* LaunchScreen.storyboard in Resources */,
				04750B3B20DA6C6000B9929D /* Assets.xcassets in Resources */,
				04750B3920DA6C5F00B9929D /* Main.storyboard in Resources */,
			);
			runOnlyForDeploymentPostprocessing = 0;
		};
		04750B4220DA6C6000B9929D /* Resources */ = {
			isa = PBXResourcesBuildPhase;
			buildActionMask = 2147483647;
			files = (
			);
			runOnlyForDeploymentPostprocessing = 0;
		};
		04750B4D20DA6C6000B9929D /* Resources */ = {
			isa = PBXResourcesBuildPhase;
			buildActionMask = 2147483647;
			files = (
			);
			runOnlyForDeploymentPostprocessing = 0;
		};
/* End PBXResourcesBuildPhase section */

/* Begin PBXSourcesBuildPhase section */
		04750B2C20DA6C5F00B9929D /* Sources */ = {
			isa = PBXSourcesBuildPhase;
			buildActionMask = 2147483647;
			files = (
				04750B3620DA6C5F00B9929D /* ViewController.swift in Sources */,
				04750B3420DA6C5F00B9929D /* AppDelegate.swift in Sources */,
				04750B6220DA6C9800B9929D /* test01.swift in Sources */,
			);
			runOnlyForDeploymentPostprocessing = 0;
		};
		04750B4020DA6C6000B9929D /* Sources */ = {
			isa = PBXSourcesBuildPhase;
			buildActionMask = 2147483647;
			files = (
				04750B4920DA6C6000B9929D /* test1Tests.swift in Sources */,
			);
			runOnlyForDeploymentPostprocessing = 0;
		};
		04750B4B20DA6C6000B9929D /* Sources */ = {
			isa = PBXSourcesBuildPhase;
			buildActionMask = 2147483647;
			files = (
				04750B5420DA6C6000B9929D /* test1UITests.swift in Sources */,
			);
			runOnlyForDeploymentPostprocessing = 0;
		};
/* End PBXSourcesBuildPhase section */

/* Begin PBXTargetDependency section */
		04750B4620DA6C6000B9929D /* PBXTargetDependency */ = {
			isa = PBXTargetDependency;
			target = 04750B2F20DA6C5F00B9929D /* test1 */;
			targetProxy = 04750B4520DA6C6000B9929D /* PBXContainerItemProxy */;
		};
		04750B5120DA6C6000B9929D /* PBXTargetDependency */ = {
			isa = PBXTargetDependency;
			target = 04750B2F20DA6C5F00B9929D /* test1 */;
			targetProxy = 04750B5020DA6C6000B9929D /* PBXContainerItemProxy */;
		};
/* End PBXTargetDependency section */

/* Begin PBXVariantGroup section */
		04750B3720DA6C5F00B9929D /* Main.storyboard */ = {
			isa = PBXVariantGroup;
			children = (
				04750B3820DA6C5F00B9929D /* Base */,
			);
			name = Main.storyboard;
			sourceTree = "<group>";
		};
		04750B3C20DA6C6000B9929D /* LaunchScreen.storyboard */ = {
			isa = PBXVariantGroup;
			children = (
				04750B3D20DA6C6000B9929D /* Base */,
			);
			name = LaunchScreen.storyboard;
			sourceTree = "<group>";
		};
/* End PBXVariantGroup section */

/* Begin XCBuildConfiguration section */
		04750B5620DA6C6000B9929D /* Debug */ = {
			isa = XCBuildConfiguration;
			buildSettings = {
				ALWAYS_SEARCH_USER_PATHS = NO;
				CLANG_ANALYZER_NONNULL = YES;
				CLANG_ANALYZER_NUMBER_OBJECT_CONVERSION = YES_AGGRESSIVE;
				CLANG_CXX_LANGUAGE_STANDARD = "gnu++14";
				CLANG_CXX_LIBRARY = "libc++";
				CLANG_ENABLE_MODULES = YES;
				CLANG_ENABLE_OBJC_ARC = YES;
				CLANG_ENABLE_OBJC_WEAK = YES;
				CLANG_WARN_BLOCK_CAPTURE_AUTORELEASING = YES;
				CLANG_WARN_BOOL_CONVERSION = YES;
				CLANG_WARN_COMMA = YES;
				CLANG_WARN_CONSTANT_CONVERSION = YES;
				CLANG_WARN_DEPRECATED_OBJC_IMPLEMENTATIONS = YES;
				CLANG_WARN_DIRECT_OBJC_ISA_USAGE = YES_ERROR;
				CLANG_WARN_DOCUMENTATION_COMMENTS = YES;
				CLANG_WARN_EMPTY_BODY = YES;
				CLANG_WARN_ENUM_CONVERSION = YES;
				CLANG_WARN_INFINITE_RECURSION = YES;
				CLANG_WARN_INT_CONVERSION = YES;
				CLANG_WARN_NON_LITERAL_NULL_CONVERSION = YES;
				CLANG_WARN_OBJC_IMPLICIT_RETAIN_SELF = YES;
				CLANG_WARN_OBJC_LITERAL_CONVERSION = YES;
				CLANG_WARN_OBJC_ROOT_CLASS = YES_ERROR;
				CLANG_WARN_RANGE_LOOP_ANALYSIS = YES;
				CLANG_WARN_STRICT_PROTOTYPES = YES;
				CLANG_WARN_SUSPICIOUS_MOVE = YES;
				CLANG_WARN_UNGUARDED_AVAILABILITY = YES_AGGRESSIVE;
				CLANG_WARN_UNREACHABLE_CODE = YES;
				CLANG_WARN__DUPLICATE_METHOD_MATCH = YES;
				CODE_SIGN_IDENTITY = "iPhone Developer";
				COPY_PHASE_STRIP = NO;
				DEBUG_INFORMATION_FORMAT = dwarf;
				ENABLE_STRICT_OBJC_MSGSEND = YES;
				ENABLE_TESTABILITY = YES;
				GCC_C_LANGUAGE_STANDARD = gnu11;
				GCC_DYNAMIC_NO_PIC = NO;
				GCC_NO_COMMON_BLOCKS = YES;
				GCC_OPTIMIZATION_LEVEL = 0;
				GCC_PREPROCESSOR_DEFINITIONS = (
					"DEBUG=1",
					"$(inherited)",
				);
				GCC_WARN_64_TO_32_BIT_CONVERSION = YES;
				GCC_WARN_ABOUT_RETURN_TYPE = YES_ERROR;
				GCC_WARN_UNDECLARED_SELECTOR = YES;
				GCC_WARN_UNINITIALIZED_AUTOS = YES_AGGRESSIVE;
				GCC_WARN_UNUSED_FUNCTION = YES;
				GCC_WARN_UNUSED_VARIABLE = YES;
				IPHONEOS_DEPLOYMENT_TARGET = 11.4;
				MTL_ENABLE_DEBUG_INFO = YES;
				ONLY_ACTIVE_ARCH = YES;
				SDKROOT = iphoneos;
				SWIFT_ACTIVE_COMPILATION_CONDITIONS = DEBUG;
				SWIFT_OPTIMIZATION_LEVEL = "-Onone";
			};
			name = Debug;
		};
		04750B5720DA6C6000B9929D /* Release */ = {
			isa = XCBuildConfiguration;
			buildSettings = {
				ALWAYS_SEARCH_USER_PATHS = NO;
				CLANG_ANALYZER_NONNULL = YES;
				CLANG_ANALYZER_NUMBER_OBJECT_CONVERSION = YES_AGGRESSIVE;
				CLANG_CXX_LANGUAGE_STANDARD = "gnu++14";
				CLANG_CXX_LIBRARY = "libc++";
				CLANG_ENABLE_MODULES = YES;
				CLANG_ENABLE_OBJC_ARC = YES;
				CLANG_ENABLE_OBJC_WEAK = YES;
				CLANG_WARN_BLOCK_CAPTURE_AUTORELEASING = YES;
				CLANG_WARN_BOOL_CONVERSION = YES;
				CLANG_WARN_COMMA = YES;
				CLANG_WARN_CONSTANT_CONVERSION = YES;
				CLANG_WARN_DEPRECATED_OBJC_IMPLEMENTATIONS = YES;
				CLANG_WARN_DIRECT_OBJC_ISA_USAGE = YES_ERROR;
				CLANG_WARN_DOCUMENTATION_COMMENTS = YES;
				CLANG_WARN_EMPTY_BODY = YES;
				CLANG_WARN_ENUM_CONVERSION = YES;
				CLANG_WARN_INFINITE_RECURSION = YES;
				CLANG_WARN_INT_CONVERSION = YES;
				CLANG_WARN_NON_LITERAL_NULL_CONVERSION = YES;
				CLANG_WARN_OBJC_IMPLICIT_RETAIN_SELF = YES;
				CLANG_WARN_OBJC_LITERAL_CONVERSION = YES;
				CLANG_WARN_OBJC_ROOT_CLASS = YES_ERROR;
				CLANG_WARN_RANGE_LOOP_ANALYSIS = YES;
				CLANG_WARN_STRICT_PROTOTYPES = YES;
				CLANG_WARN_SUSPICIOUS_MOVE = YES;
				CLANG_WARN_UNGUARDED_AVAILABILITY = YES_AGGRESSIVE;
				CLANG_WARN_UNREACHABLE_CODE = YES;
				CLANG_WARN__DUPLICATE_METHOD_MATCH = YES;
				CODE_SIGN_IDENTITY = "iPhone Developer";
				COPY_PHASE_STRIP = NO;
				DEBUG_INFORMATION_FORMAT = "dwarf-with-dsym";
				ENABLE_NS_ASSERTIONS = NO;
				ENABLE_STRICT_OBJC_MSGSEND = YES;
				GCC_C_LANGUAGE_STANDARD = gnu11;
				GCC_NO_COMMON_BLOCKS = YES;
				GCC_WARN_64_TO_32_BIT_CONVERSION = YES;
				GCC_WARN_ABOUT_RETURN_TYPE = YES_ERROR;
				GCC_WARN_UNDECLARED_SELECTOR = YES;
				GCC_WARN_UNINITIALIZED_AUTOS = YES_AGGRESSIVE;
				GCC_WARN_UNUSED_FUNCTION = YES;
				GCC_WARN_UNUSED_VARIABLE = YES;
				IPHONEOS_DEPLOYMENT_TARGET = 11.4;
				MTL_ENABLE_DEBUG_INFO = NO;
				SDKROOT = iphoneos;
				SWIFT_COMPILATION_MODE = wholemodule;
				SWIFT_OPTIMIZATION_LEVEL = "-O";
				VALIDATE_PRODUCT = YES;
			};
			name = Release;
		};
		04750B5920DA6C6000B9929D /* Debug */ = {
			isa = XCBuildConfiguration;
			buildSettings = {
				ASSETCATALOG_COMPILER_APPICON_NAME = AppIcon;
				CODE_SIGN_STYLE = Automatic;
				DEVELOPMENT_TEAM = 8ZT4ZZ4Z25;
				INFOPLIST_FILE = test1/Info.plist;
				LD_RUNPATH_SEARCH_PATHS = (
					"$(inherited)",
					"@executable_path/Frameworks",
				);
				PRODUCT_BUNDLE_IDENTIFIER = com.example.test1;
				PRODUCT_NAME = "$(TARGET_NAME)";
				SWIFT_VERSION = 4.0;
				TARGETED_DEVICE_FAMILY = "1,2";
			};
			name = Debug;
		};
		04750B5A20DA6C6000B9929D /* Release */ = {
			isa = XCBuildConfiguration;
			buildSettings = {
				ASSETCATALOG_COMPILER_APPICON_NAME = AppIcon;
				CODE_SIGN_STYLE = Automatic;
				DEVELOPMENT_TEAM = 8ZT4ZZ4Z25;
				INFOPLIST_FILE = test1/Info.plist;
				LD_RUNPATH_SEARCH_PATHS = (
					"$(inherited)",
					"@executable_path/Frameworks",
				);
				PRODUCT_BUNDLE_IDENTIFIER = com.example.test1;
				PRODUCT_NAME = "$(TARGET_NAME)";
				SWIFT_VERSION = 4.0;
				TARGETED_DEVICE_FAMILY = "1,2";
			};
			name = Release;
		};
		04750B5C20DA6C6000B9929D /* Debug */ = {
			isa = XCBuildConfiguration;
			buildSettings = {
				ALWAYS_EMBED_SWIFT_STANDARD_LIBRARIES = YES;
				BUNDLE_LOADER = "$(TEST_HOST)";
				CODE_SIGN_STYLE = Automatic;
				DEVELOPMENT_TEAM = 8ZT4ZZ4Z25;
				INFOPLIST_FILE = test1Tests/Info.plist;
				LD_RUNPATH_SEARCH_PATHS = (
					"$(inherited)",
					"@executable_path/Frameworks",
					"@loader_path/Frameworks",
				);
				PRODUCT_BUNDLE_IDENTIFIER = com.example.test1Tests;
				PRODUCT_NAME = "$(TARGET_NAME)";
				SWIFT_VERSION = 4.0;
				TARGETED_DEVICE_FAMILY = "1,2";
				TEST_HOST = "$(BUILT_PRODUCTS_DIR)/test1.app/test1";
			};
			name = Debug;
		};
		04750B5D20DA6C6000B9929D /* Release */ = {
			isa = XCBuildConfiguration;
			buildSettings = {
				ALWAYS_EMBED_SWIFT_STANDARD_LIBRARIES = YES;
				BUNDLE_LOADER = "$(TEST_HOST)";
				CODE_SIGN_STYLE = Automatic;
				DEVELOPMENT_TEAM = 8ZT4ZZ4Z25;
				INFOPLIST_FILE = test1Tests/Info.plist;
				LD_RUNPATH_SEARCH_PATHS = (
					"$(inherited)",
					"@executable_path/Frameworks",
					"@loader_path/Frameworks",
				);
				PRODUCT_BUNDLE_IDENTIFIER = com.example.test1Tests;
				PRODUCT_NAME = "$(TARGET_NAME)";
				SWIFT_VERSION = 4.0;
				TARGETED_DEVICE_FAMILY = "1,2";
				TEST_HOST = "$(BUILT_PRODUCTS_DIR)/test1.app/test1";
			};
			name = Release;
		};
		04750B5F20DA6C6000B9929D /* Debug */ = {
			isa = XCBuildConfiguration;
			buildSettings = {
				ALWAYS_EMBED_SWIFT_STANDARD_LIBRARIES = YES;
				CODE_SIGN_STYLE = Automatic;
				DEVELOPMENT_TEAM = 8ZT4ZZ4Z25;
				INFOPLIST_FILE = test1UITests/Info.plist;
				LD_RUNPATH_SEARCH_PATHS = (
					"$(inherited)",
					"@executable_path/Frameworks",
					"@loader_path/Frameworks",
				);
				PRODUCT_BUNDLE_IDENTIFIER = com.example.test1UITests;
				PRODUCT_NAME = "$(TARGET_NAME)";
				SWIFT_VERSION = 4.0;
				TARGETED_DEVICE_FAMILY = "1,2";
				TEST_TARGET_NAME = test1;
			};
			name = Debug;
		};
		04750B6020DA6C6000B9929D /* Release */ = {
			isa = XCBuildConfiguration;
			buildSettings = {
				ALWAYS_EMBED_SWIFT_STANDARD_LIBRARIES = YES;
				CODE_SIGN_STYLE = Automatic;
				DEVELOPMENT_TEAM = 8ZT4ZZ4Z25;
				INFOPLIST_FILE = test1UITests/Info.plist;
				LD_RUNPATH_SEARCH_PATHS = (
					"$(inherited)",
					"@executable_path/Frameworks",
					"@loader_path/Frameworks",
				);
				PRODUCT_BUNDLE_IDENTIFIER = com.example.test1UITests;
				PRODUCT_NAME = "$(TARGET_NAME)";
				SWIFT_VERSION = 4.0;
				TARGETED_DEVICE_FAMILY = "1,2";
				TEST_TARGET_NAME = test1;
			};
			name = Release;
		};
/* End XCBuildConfiguration section */

/* Begin XCConfigurationList section */
		04750B2B20DA6C5F00B9929D /* Build configuration list for PBXProject "test1" */ = {
			isa = XCConfigurationList;
			buildConfigurations = (
				04750B5620DA6C6000B9929D /* Debug */,
				04750B5720DA6C6000B9929D /* Release */,
			);
			defaultConfigurationIsVisible = 0;
			defaultConfigurationName = Release;
		};
		04750B5820DA6C6000B9929D /* Build configuration list for PBXNativeTarget "test1" */ = {
			isa = XCConfigurationList;
			buildConfigurations = (
				04750B5920DA6C6000B9929D /* Debug */,
				04750B5A20DA6C6000B9929D /* Release */,
			);
			defaultConfigurationIsVisible = 0;
			defaultConfigurationName = Release;
		};
		04750B5B20DA6C6000B9929D /* Build configuration list for PBXNativeTarget "test1Tests" */ = {
			isa = XCConfigurationList;
			buildConfigurations = (
				04750B5C20DA6C6000B9929D /* Debug */,
				04750B5D20DA6C6000B9929D /* Release */,
			);
			defaultConfigurationIsVisible = 0;
			defaultConfigurationName = Release;
		};
		04750B5E20DA6C6000B9929D /* Build configuration list for PBXNativeTarget "test1UITests" */ = {
			isa = XCConfigurationList;
			buildConfigurations = (
				04750B5F20DA6C6000B9929D /* Debug */,
				04750B6020DA6C6000B9929D /* Release */,
			);
			defaultConfigurationIsVisible = 0;
			defaultConfigurationName = Release;
		};
/* End XCConfigurationList section */
	};
	rootObject = 04750B2820DA6C5F00B9929D /* Project object */;
}
